// !$*UTF8*$!
{
	archiveVersion = 1;
	classes = {
	};
	objectVersion = 46;
	objects = {

/* Begin PBXBuildFile section */
		E4221BF51D8D64C000C11539 /* UIControl+Block.m in Sources */ = {isa = PBXBuildFile; fileRef = E4221BEE1D8D64C000C11539 /* UIControl+Block.m */; };
		E4221BF61D8D64C000C11539 /* UIDevice+Hardware.m in Sources */ = {isa = PBXBuildFile; fileRef = E4221BF11D8D64C000C11539 /* UIDevice+Hardware.m */; };
		E429192A1D9510C200B230B5 /* UITextField+History.m in Sources */ = {isa = PBXBuildFile; fileRef = E42919241D9510C200B230B5 /* UITextField+History.m */; };
		E429192C1D9510C200B230B5 /* UITextField+Shake.m in Sources */ = {isa = PBXBuildFile; fileRef = E42919281D9510C200B230B5 /* UITextField+Shake.m */; };
		E4719CD41D9A03FE0035A45E /* UITextView+PlaceHolder.m in Sources */ = {isa = PBXBuildFile; fileRef = E4719CD01D9A03FE0035A45E /* UITextView+PlaceHolder.m */; };
		E4719CF61D9A17800035A45E /* UIView+Animation.m in Sources */ = {isa = PBXBuildFile; fileRef = E4719CD91D9A17800035A45E /* UIView+Animation.m */; };
		E4719CF71D9A17800035A45E /* UIView+BlockGesture.m in Sources */ = {isa = PBXBuildFile; fileRef = E4719CDB1D9A17800035A45E /* UIView+BlockGesture.m */; };
		E4719CF91D9A17800035A45E /* UIView+Debug.m in Sources */ = {isa = PBXBuildFile; fileRef = E4719CDF1D9A17800035A45E /* UIView+Debug.m */; };
		E4719CFA1D9A17800035A45E /* UIView+draggable.m in Sources */ = {isa = PBXBuildFile; fileRef = E4719CE11D9A17800035A45E /* UIView+draggable.m */; };
		E4719CFD1D9A17800035A45E /* UIView+Nib.m in Sources */ = {isa = PBXBuildFile; fileRef = E4719CE71D9A17800035A45E /* UIView+Nib.m */; };
		E4719CFF1D9A17800035A45E /* UIView+RecursiveDescription.m in Sources */ = {isa = PBXBuildFile; fileRef = E4719CEB1D9A17800035A45E /* UIView+RecursiveDescription.m */; };
		E4719D001D9A17800035A45E /* UIView+Screenshot.m in Sources */ = {isa = PBXBuildFile; fileRef = E4719CED1D9A17800035A45E /* UIView+Screenshot.m */; };
		E4719D011D9A17800035A45E /* UIView+Shake.m in Sources */ = {isa = PBXBuildFile; fileRef = E4719CEF1D9A17800035A45E /* UIView+Shake.m */; };
		E4719D021D9A17800035A45E /* UIView+Toast.m in Sources */ = {isa = PBXBuildFile; fileRef = E4719CF11D9A17800035A45E /* UIView+Toast.m */; };
		E4719D071D9B53A60035A45E /* UIView+Frame.m in Sources */ = {isa = PBXBuildFile; fileRef = E4719D061D9B53A60035A45E /* UIView+Frame.m */; };
		E4719D0A1D9B64AE0035A45E /* UIView+CurrentController.m in Sources */ = {isa = PBXBuildFile; fileRef = E4719D091D9B64AE0035A45E /* UIView+CurrentController.m */; };
		E4A12DCD1D891EA7009581AA /* UIAlertView+Block.m in Sources */ = {isa = PBXBuildFile; fileRef = E4A12DCC1D891EA7009581AA /* UIAlertView+Block.m */; };
		E4A12DD51D8921D2009581AA /* UIBezierPath+BasicShapes.m in Sources */ = {isa = PBXBuildFile; fileRef = E4A12DD01D8921D2009581AA /* UIBezierPath+BasicShapes.m */; };
		E4A12DD61D8921D2009581AA /* UIBezierPath+SVG.m in Sources */ = {isa = PBXBuildFile; fileRef = E4A12DD21D8921D2009581AA /* UIBezierPath+SVG.m */; };
		E4A12DD71D8921D2009581AA /* UIBezierPath+Symbol.m in Sources */ = {isa = PBXBuildFile; fileRef = E4A12DD41D8921D2009581AA /* UIBezierPath+Symbol.m */; };
		E4A12DDC1D892369009581AA /* GraphView.m in Sources */ = {isa = PBXBuildFile; fileRef = E4A12DDB1D892369009581AA /* GraphView.m */; };
		E4A12DE81D893A39009581AA /* UIColor+Gradient.m in Sources */ = {isa = PBXBuildFile; fileRef = E4A12DDF1D893A39009581AA /* UIColor+Gradient.m */; };
		E4A12DE91D893A39009581AA /* UIColor+HEX.m in Sources */ = {isa = PBXBuildFile; fileRef = E4A12DE11D893A39009581AA /* UIColor+HEX.m */; };
		E4A12DEA1D893A39009581AA /* UIColor+Modify.m in Sources */ = {isa = PBXBuildFile; fileRef = E4A12DE31D893A39009581AA /* UIColor+Modify.m */; };
		E4A12DEB1D893A39009581AA /* UIColor+Random.m in Sources */ = {isa = PBXBuildFile; fileRef = E4A12DE51D893A39009581AA /* UIColor+Random.m */; };
		E4A650371D8693EC00441D5F /* UIButton+Font.m in Sources */ = {isa = PBXBuildFile; fileRef = E4A650361D8693EC00441D5F /* UIButton+Font.m */; };
		E4A6503A1D86941000441D5F /* UIButton+Block.m in Sources */ = {isa = PBXBuildFile; fileRef = E4A650391D86941000441D5F /* UIButton+Block.m */; };
		E4A6503D1D86A0F500441D5F /* UIButton+CountDown.m in Sources */ = {isa = PBXBuildFile; fileRef = E4A6503C1D86A0F500441D5F /* UIButton+CountDown.m */; };
		E4A650401D86A2F700441D5F /* UIButton+Indicator.m in Sources */ = {isa = PBXBuildFile; fileRef = E4A6503F1D86A2F700441D5F /* UIButton+Indicator.m */; };
		E4A650431D86A70E00441D5F /* UIImage+fixOrientation.m in Sources */ = {isa = PBXBuildFile; fileRef = E4A650421D86A70E00441D5F /* UIImage+fixOrientation.m */; };
		E4A650461D86A76500441D5F /* UIImage+Color.m in Sources */ = {isa = PBXBuildFile; fileRef = E4A650451D86A76500441D5F /* UIImage+Color.m */; };
		E4A650491D86A7CC00441D5F /* UIImage+Blur.m in Sources */ = {isa = PBXBuildFile; fileRef = E4A650481D86A7CC00441D5F /* UIImage+Blur.m */; };
		E4A6504C1D86A83400441D5F /* UIImage+Alpha.m in Sources */ = {isa = PBXBuildFile; fileRef = E4A6504B1D86A83400441D5F /* UIImage+Alpha.m */; };
		E4A6504F1D86A85F00441D5F /* UIImage+Resize.m in Sources */ = {isa = PBXBuildFile; fileRef = E4A6504E1D86A85F00441D5F /* UIImage+Resize.m */; };
		E4A650521D86A8CA00441D5F /* UIImage+RoundImage.m in Sources */ = {isa = PBXBuildFile; fileRef = E4A650511D86A8CA00441D5F /* UIImage+RoundImage.m */; };
		E4A650551D86A8FB00441D5F /* UIImage+Capture.m in Sources */ = {isa = PBXBuildFile; fileRef = E4A650541D86A8FB00441D5F /* UIImage+Capture.m */; };
		E4A650581D86A95300441D5F /* UIImage+Water.m in Sources */ = {isa = PBXBuildFile; fileRef = E4A650571D86A95300441D5F /* UIImage+Water.m */; };
		E4A6505B1D86A9A100441D5F /* UIImage+Gif.m in Sources */ = {isa = PBXBuildFile; fileRef = E4A6505A1D86A9A100441D5F /* UIImage+Gif.m */; };
		E4A6505E1D86A9E100441D5F /* UIImage+Rotate.m in Sources */ = {isa = PBXBuildFile; fileRef = E4A6505D1D86A9E100441D5F /* UIImage+Rotate.m */; };
		E4A650611D86AA3900441D5F /* UIImage+Convert.m in Sources */ = {isa = PBXBuildFile; fileRef = E4A650601D86AA3900441D5F /* UIImage+Convert.m */; };
		E4A650641D86AAD700441D5F /* UIImage+CIImage.m in Sources */ = {isa = PBXBuildFile; fileRef = E4A650631D86AAD700441D5F /* UIImage+CIImage.m */; };
		E4A6506F1D87A36500441D5F /* UIApplication+ApplicationSize.m in Sources */ = {isa = PBXBuildFile; fileRef = E4A650681D87A36500441D5F /* UIApplication+ApplicationSize.m */; };
		E4A650721D87A36500441D5F /* UIApplication+Permissions.m in Sources */ = {isa = PBXBuildFile; fileRef = E4A6506E1D87A36500441D5F /* UIApplication+Permissions.m */; };
		E4BAF8A71D82B8F40044F446 /* main.m in Sources */ = {isa = PBXBuildFile; fileRef = E4BAF8A61D82B8F40044F446 /* main.m */; };
		E4BAF8AA1D82B8F40044F446 /* AppDelegate.m in Sources */ = {isa = PBXBuildFile; fileRef = E4BAF8A91D82B8F40044F446 /* AppDelegate.m */; };
		E4BAF8AD1D82B8F40044F446 /* ViewController.m in Sources */ = {isa = PBXBuildFile; fileRef = E4BAF8AC1D82B8F40044F446 /* ViewController.m */; };
		E4BAF8B01D82B8F40044F446 /* Main.storyboard in Resources */ = {isa = PBXBuildFile; fileRef = E4BAF8AE1D82B8F40044F446 /* Main.storyboard */; };
		E4BAF8B31D82B8F40044F446 /* SLQCategories.xcdatamodeld in Sources */ = {isa = PBXBuildFile; fileRef = E4BAF8B11D82B8F40044F446 /* SLQCategories.xcdatamodeld */; };
		E4BAF8B51D82B8F40044F446 /* Assets.xcassets in Resources */ = {isa = PBXBuildFile; fileRef = E4BAF8B41D82B8F40044F446 /* Assets.xcassets */; };
		E4BAF8B81D82B8F40044F446 /* LaunchScreen.storyboard in Resources */ = {isa = PBXBuildFile; fileRef = E4BAF8B61D82B8F40044F446 /* LaunchScreen.storyboard */; };
/* End PBXBuildFile section */

/* Begin PBXFileReference section */
		E4221BED1D8D64C000C11539 /* UIControl+Block.h */ = {isa = PBXFileReference; fileEncoding = 4; lastKnownFileType = sourcecode.c.h; path = "UIControl+Block.h"; sourceTree = "<group>"; };
		E4221BEE1D8D64C000C11539 /* UIControl+Block.m */ = {isa = PBXFileReference; fileEncoding = 4; lastKnownFileType = sourcecode.c.objc; path = "UIControl+Block.m"; sourceTree = "<group>"; };
		E4221BF01D8D64C000C11539 /* UIDevice+Hardware.h */ = {isa = PBXFileReference; fileEncoding = 4; lastKnownFileType = sourcecode.c.h; path = "UIDevice+Hardware.h"; sourceTree = "<group>"; };
		E4221BF11D8D64C000C11539 /* UIDevice+Hardware.m */ = {isa = PBXFileReference; fileEncoding = 4; lastKnownFileType = sourcecode.c.objc; path = "UIDevice+Hardware.m"; sourceTree = "<group>"; };
		E42919231D9510C200B230B5 /* UITextField+History.h */ = {isa = PBXFileReference; fileEncoding = 4; lastKnownFileType = sourcecode.c.h; path = "UITextField+History.h"; sourceTree = "<group>"; };
		E42919241D9510C200B230B5 /* UITextField+History.m */ = {isa = PBXFileReference; fileEncoding = 4; lastKnownFileType = sourcecode.c.objc; path = "UITextField+History.m"; sourceTree = "<group>"; };
		E42919271D9510C200B230B5 /* UITextField+Shake.h */ = {isa = PBXFileReference; fileEncoding = 4; lastKnownFileType = sourcecode.c.h; path = "UITextField+Shake.h"; sourceTree = "<group>"; };
		E42919281D9510C200B230B5 /* UITextField+Shake.m */ = {isa = PBXFileReference; fileEncoding = 4; lastKnownFileType = sourcecode.c.objc; path = "UITextField+Shake.m"; sourceTree = "<group>"; };
		E4719CCF1D9A03FE0035A45E /* UITextView+PlaceHolder.h */ = {isa = PBXFileReference; fileEncoding = 4; lastKnownFileType = sourcecode.c.h; path = "UITextView+PlaceHolder.h"; sourceTree = "<group>"; };
		E4719CD01D9A03FE0035A45E /* UITextView+PlaceHolder.m */ = {isa = PBXFileReference; fileEncoding = 4; lastKnownFileType = sourcecode.c.objc; path = "UITextView+PlaceHolder.m"; sourceTree = "<group>"; };
		E4719CD81D9A17800035A45E /* UIView+Animation.h */ = {isa = PBXFileReference; fileEncoding = 4; lastKnownFileType = sourcecode.c.h; path = "UIView+Animation.h"; sourceTree = "<group>"; };
		E4719CD91D9A17800035A45E /* UIView+Animation.m */ = {isa = PBXFileReference; fileEncoding = 4; lastKnownFileType = sourcecode.c.objc; path = "UIView+Animation.m"; sourceTree = "<group>"; };
		E4719CDA1D9A17800035A45E /* UIView+BlockGesture.h */ = {isa = PBXFileReference; fileEncoding = 4; lastKnownFileType = sourcecode.c.h; path = "UIView+BlockGesture.h"; sourceTree = "<group>"; };
		E4719CDB1D9A17800035A45E /* UIView+BlockGesture.m */ = {isa = PBXFileReference; fileEncoding = 4; lastKnownFileType = sourcecode.c.objc; path = "UIView+BlockGesture.m"; sourceTree = "<group>"; };
		E4719CDE1D9A17800035A45E /* UIView+Debug.h */ = {isa = PBXFileReference; fileEncoding = 4; lastKnownFileType = sourcecode.c.h; path = "UIView+Debug.h"; sourceTree = "<group>"; };
		E4719CDF1D9A17800035A45E /* UIView+Debug.m */ = {isa = PBXFileReference; fileEncoding = 4; lastKnownFileType = sourcecode.c.objc; path = "UIView+Debug.m"; sourceTree = "<group>"; };
		E4719CE01D9A17800035A45E /* UIView+draggable.h */ = {isa = PBXFileReference; fileEncoding = 4; lastKnownFileType = sourcecode.c.h; path = "UIView+draggable.h"; sourceTree = "<group>"; };
		E4719CE11D9A17800035A45E /* UIView+draggable.m */ = {isa = PBXFileReference; fileEncoding = 4; lastKnownFileType = sourcecode.c.objc; path = "UIView+draggable.m"; sourceTree = "<group>"; };
		E4719CE61D9A17800035A45E /* UIView+Nib.h */ = {isa = PBXFileReference; fileEncoding = 4; lastKnownFileType = sourcecode.c.h; path = "UIView+Nib.h"; sourceTree = "<group>"; };
		E4719CE71D9A17800035A45E /* UIView+Nib.m */ = {isa = PBXFileReference; fileEncoding = 4; lastKnownFileType = sourcecode.c.objc; path = "UIView+Nib.m"; sourceTree = "<group>"; };
		E4719CEA1D9A17800035A45E /* UIView+RecursiveDescription.h */ = {isa = PBXFileReference; fileEncoding = 4; lastKnownFileType = sourcecode.c.h; path = "UIView+RecursiveDescription.h"; sourceTree = "<group>"; };
		E4719CEB1D9A17800035A45E /* UIView+RecursiveDescription.m */ = {isa = PBXFileReference; fileEncoding = 4; lastKnownFileType = sourcecode.c.objc; path = "UIView+RecursiveDescription.m"; sourceTree = "<group>"; };
		E4719CEC1D9A17800035A45E /* UIView+Screenshot.h */ = {isa = PBXFileReference; fileEncoding = 4; lastKnownFileType = sourcecode.c.h; path = "UIView+Screenshot.h"; sourceTree = "<group>"; };
		E4719CED1D9A17800035A45E /* UIView+Screenshot.m */ = {isa = PBXFileReference; fileEncoding = 4; lastKnownFileType = sourcecode.c.objc; path = "UIView+Screenshot.m"; sourceTree = "<group>"; };
		E4719CEE1D9A17800035A45E /* UIView+Shake.h */ = {isa = PBXFileReference; fileEncoding = 4; lastKnownFileType = sourcecode.c.h; path = "UIView+Shake.h"; sourceTree = "<group>"; };
		E4719CEF1D9A17800035A45E /* UIView+Shake.m */ = {isa = PBXFileReference; fileEncoding = 4; lastKnownFileType = sourcecode.c.objc; path = "UIView+Shake.m"; sourceTree = "<group>"; };
		E4719CF01D9A17800035A45E /* UIView+Toast.h */ = {isa = PBXFileReference; fileEncoding = 4; lastKnownFileType = sourcecode.c.h; path = "UIView+Toast.h"; sourceTree = "<group>"; };
		E4719CF11D9A17800035A45E /* UIView+Toast.m */ = {isa = PBXFileReference; fileEncoding = 4; lastKnownFileType = sourcecode.c.objc; path = "UIView+Toast.m"; sourceTree = "<group>"; };
		E4719D051D9B53A60035A45E /* UIView+Frame.h */ = {isa = PBXFileReference; fileEncoding = 4; lastKnownFileType = sourcecode.c.h; path = "UIView+Frame.h"; sourceTree = "<group>"; };
		E4719D061D9B53A60035A45E /* UIView+Frame.m */ = {isa = PBXFileReference; fileEncoding = 4; lastKnownFileType = sourcecode.c.objc; path = "UIView+Frame.m"; sourceTree = "<group>"; };
		E4719D081D9B64AE0035A45E /* UIView+CurrentController.h */ = {isa = PBXFileReference; fileEncoding = 4; lastKnownFileType = sourcecode.c.h; path = "UIView+CurrentController.h"; sourceTree = "<group>"; };
		E4719D091D9B64AE0035A45E /* UIView+CurrentController.m */ = {isa = PBXFileReference; fileEncoding = 4; lastKnownFileType = sourcecode.c.objc; path = "UIView+CurrentController.m"; sourceTree = "<group>"; };
		E4719D0B1D9B65900035A45E /* UIViewCategoriesHeader.h */ = {isa = PBXFileReference; lastKnownFileType = sourcecode.c.h; path = UIViewCategoriesHeader.h; sourceTree = "<group>"; };
		E4A12DCB1D891EA7009581AA /* UIAlertView+Block.h */ = {isa = PBXFileReference; fileEncoding = 4; lastKnownFileType = sourcecode.c.h; path = "UIAlertView+Block.h"; sourceTree = "<group>"; };
		E4A12DCC1D891EA7009581AA /* UIAlertView+Block.m */ = {isa = PBXFileReference; fileEncoding = 4; lastKnownFileType = sourcecode.c.objc; path = "UIAlertView+Block.m"; sourceTree = "<group>"; };
		E4A12DCF1D8921D2009581AA /* UIBezierPath+BasicShapes.h */ = {isa = PBXFileReference; fileEncoding = 4; lastKnownFileType = sourcecode.c.h; path = "UIBezierPath+BasicShapes.h"; sourceTree = "<group>"; };
		E4A12DD01D8921D2009581AA /* UIBezierPath+BasicShapes.m */ = {isa = PBXFileReference; fileEncoding = 4; lastKnownFileType = sourcecode.c.objc; path = "UIBezierPath+BasicShapes.m"; sourceTree = "<group>"; };
		E4A12DD11D8921D2009581AA /* UIBezierPath+SVG.h */ = {isa = PBXFileReference; fileEncoding = 4; lastKnownFileType = sourcecode.c.h; path = "UIBezierPath+SVG.h"; sourceTree = "<group>"; };
		E4A12DD21D8921D2009581AA /* UIBezierPath+SVG.m */ = {isa = PBXFileReference; fileEncoding = 4; lastKnownFileType = sourcecode.c.objc; path = "UIBezierPath+SVG.m"; sourceTree = "<group>"; };
		E4A12DD31D8921D2009581AA /* UIBezierPath+Symbol.h */ = {isa = PBXFileReference; fileEncoding = 4; lastKnownFileType = sourcecode.c.h; path = "UIBezierPath+Symbol.h"; sourceTree = "<group>"; };
		E4A12DD41D8921D2009581AA /* UIBezierPath+Symbol.m */ = {isa = PBXFileReference; fileEncoding = 4; lastKnownFileType = sourcecode.c.objc; path = "UIBezierPath+Symbol.m"; sourceTree = "<group>"; };
		E4A12DDA1D892369009581AA /* GraphView.h */ = {isa = PBXFileReference; fileEncoding = 4; lastKnownFileType = sourcecode.c.h; path = GraphView.h; sourceTree = "<group>"; };
		E4A12DDB1D892369009581AA /* GraphView.m */ = {isa = PBXFileReference; fileEncoding = 4; lastKnownFileType = sourcecode.c.objc; path = GraphView.m; sourceTree = "<group>"; };
		E4A12DDE1D893A39009581AA /* UIColor+Gradient.h */ = {isa = PBXFileReference; fileEncoding = 4; lastKnownFileType = sourcecode.c.h; path = "UIColor+Gradient.h"; sourceTree = "<group>"; };
		E4A12DDF1D893A39009581AA /* UIColor+Gradient.m */ = {isa = PBXFileReference; fileEncoding = 4; lastKnownFileType = sourcecode.c.objc; path = "UIColor+Gradient.m"; sourceTree = "<group>"; };
		E4A12DE01D893A39009581AA /* UIColor+HEX.h */ = {isa = PBXFileReference; fileEncoding = 4; lastKnownFileType = sourcecode.c.h; path = "UIColor+HEX.h"; sourceTree = "<group>"; };
		E4A12DE11D893A39009581AA /* UIColor+HEX.m */ = {isa = PBXFileReference; fileEncoding = 4; lastKnownFileType = sourcecode.c.objc; path = "UIColor+HEX.m"; sourceTree = "<group>"; };
		E4A12DE21D893A39009581AA /* UIColor+Modify.h */ = {isa = PBXFileReference; fileEncoding = 4; lastKnownFileType = sourcecode.c.h; path = "UIColor+Modify.h"; sourceTree = "<group>"; };
		E4A12DE31D893A39009581AA /* UIColor+Modify.m */ = {isa = PBXFileReference; fileEncoding = 4; lastKnownFileType = sourcecode.c.objc; path = "UIColor+Modify.m"; sourceTree = "<group>"; };
		E4A12DE41D893A39009581AA /* UIColor+Random.h */ = {isa = PBXFileReference; fileEncoding = 4; lastKnownFileType = sourcecode.c.h; path = "UIColor+Random.h"; sourceTree = "<group>"; };
		E4A12DE51D893A39009581AA /* UIColor+Random.m */ = {isa = PBXFileReference; fileEncoding = 4; lastKnownFileType = sourcecode.c.objc; path = "UIColor+Random.m"; sourceTree = "<group>"; };
		E4A12DED1D893AA6009581AA /* UIColorCategoriesHeader.h */ = {isa = PBXFileReference; lastKnownFileType = sourcecode.c.h; path = UIColorCategoriesHeader.h; sourceTree = "<group>"; };
		E4A650351D8693EC00441D5F /* UIButton+Font.h */ = {isa = PBXFileReference; fileEncoding = 4; lastKnownFileType = sourcecode.c.h; path = "UIButton+Font.h"; sourceTree = "<group>"; };
		E4A650361D8693EC00441D5F /* UIButton+Font.m */ = {isa = PBXFileReference; fileEncoding = 4; lastKnownFileType = sourcecode.c.objc; path = "UIButton+Font.m"; sourceTree = "<group>"; };
		E4A650381D86941000441D5F /* UIButton+Block.h */ = {isa = PBXFileReference; fileEncoding = 4; lastKnownFileType = sourcecode.c.h; path = "UIButton+Block.h"; sourceTree = "<group>"; };
		E4A650391D86941000441D5F /* UIButton+Block.m */ = {isa = PBXFileReference; fileEncoding = 4; lastKnownFileType = sourcecode.c.objc; path = "UIButton+Block.m"; sourceTree = "<group>"; };
		E4A6503B1D86A0F500441D5F /* UIButton+CountDown.h */ = {isa = PBXFileReference; fileEncoding = 4; lastKnownFileType = sourcecode.c.h; path = "UIButton+CountDown.h"; sourceTree = "<group>"; };
		E4A6503C1D86A0F500441D5F /* UIButton+CountDown.m */ = {isa = PBXFileReference; fileEncoding = 4; lastKnownFileType = sourcecode.c.objc; path = "UIButton+CountDown.m"; sourceTree = "<group>"; };
		E4A6503E1D86A2F700441D5F /* UIButton+Indicator.h */ = {isa = PBXFileReference; fileEncoding = 4; lastKnownFileType = sourcecode.c.h; path = "UIButton+Indicator.h"; sourceTree = "<group>"; };
		E4A6503F1D86A2F700441D5F /* UIButton+Indicator.m */ = {isa = PBXFileReference; fileEncoding = 4; lastKnownFileType = sourcecode.c.objc; path = "UIButton+Indicator.m"; sourceTree = "<group>"; };
		E4A650411D86A70E00441D5F /* UIImage+fixOrientation.h */ = {isa = PBXFileReference; fileEncoding = 4; lastKnownFileType = sourcecode.c.h; path = "UIImage+fixOrientation.h"; sourceTree = "<group>"; };
		E4A650421D86A70E00441D5F /* UIImage+fixOrientation.m */ = {isa = PBXFileReference; fileEncoding = 4; lastKnownFileType = sourcecode.c.objc; path = "UIImage+fixOrientation.m"; sourceTree = "<group>"; };
		E4A650441D86A76500441D5F /* UIImage+Color.h */ = {isa = PBXFileReference; fileEncoding = 4; lastKnownFileType = sourcecode.c.h; path = "UIImage+Color.h"; sourceTree = "<group>"; };
		E4A650451D86A76500441D5F /* UIImage+Color.m */ = {isa = PBXFileReference; fileEncoding = 4; lastKnownFileType = sourcecode.c.objc; path = "UIImage+Color.m"; sourceTree = "<group>"; };
		E4A650471D86A7CC00441D5F /* UIImage+Blur.h */ = {isa = PBXFileReference; fileEncoding = 4; lastKnownFileType = sourcecode.c.h; path = "UIImage+Blur.h"; sourceTree = "<group>"; };
		E4A650481D86A7CC00441D5F /* UIImage+Blur.m */ = {isa = PBXFileReference; fileEncoding = 4; lastKnownFileType = sourcecode.c.objc; path = "UIImage+Blur.m"; sourceTree = "<group>"; };
		E4A6504A1D86A83400441D5F /* UIImage+Alpha.h */ = {isa = PBXFileReference; fileEncoding = 4; lastKnownFileType = sourcecode.c.h; path = "UIImage+Alpha.h"; sourceTree = "<group>"; };
		E4A6504B1D86A83400441D5F /* UIImage+Alpha.m */ = {isa = PBXFileReference; fileEncoding = 4; lastKnownFileType = sourcecode.c.objc; path = "UIImage+Alpha.m"; sourceTree = "<group>"; };
		E4A6504D1D86A85F00441D5F /* UIImage+Resize.h */ = {isa = PBXFileReference; fileEncoding = 4; lastKnownFileType = sourcecode.c.h; path = "UIImage+Resize.h"; sourceTree = "<group>"; };
		E4A6504E1D86A85F00441D5F /* UIImage+Resize.m */ = {isa = PBXFileReference; fileEncoding = 4; lastKnownFileType = sourcecode.c.objc; path = "UIImage+Resize.m"; sourceTree = "<group>"; };
		E4A650501D86A8CA00441D5F /* UIImage+RoundImage.h */ = {isa = PBXFileReference; fileEncoding = 4; lastKnownFileType = sourcecode.c.h; path = "UIImage+RoundImage.h"; sourceTree = "<group>"; };
		E4A650511D86A8CA00441D5F /* UIImage+RoundImage.m */ = {isa = PBXFileReference; fileEncoding = 4; lastKnownFileType = sourcecode.c.objc; path = "UIImage+RoundImage.m"; sourceTree = "<group>"; };
		E4A650531D86A8FB00441D5F /* UIImage+Capture.h */ = {isa = PBXFileReference; fileEncoding = 4; lastKnownFileType = sourcecode.c.h; path = "UIImage+Capture.h"; sourceTree = "<group>"; };
		E4A650541D86A8FB00441D5F /* UIImage+Capture.m */ = {isa = PBXFileReference; fileEncoding = 4; lastKnownFileType = sourcecode.c.objc; path = "UIImage+Capture.m"; sourceTree = "<group>"; };
		E4A650561D86A95300441D5F /* UIImage+Water.h */ = {isa = PBXFileReference; fileEncoding = 4; lastKnownFileType = sourcecode.c.h; path = "UIImage+Water.h"; sourceTree = "<group>"; };
		E4A650571D86A95300441D5F /* UIImage+Water.m */ = {isa = PBXFileReference; fileEncoding = 4; lastKnownFileType = sourcecode.c.objc; path = "UIImage+Water.m"; sourceTree = "<group>"; };
		E4A650591D86A9A100441D5F /* UIImage+Gif.h */ = {isa = PBXFileReference; fileEncoding = 4; lastKnownFileType = sourcecode.c.h; path = "UIImage+Gif.h"; sourceTree = "<group>"; };
		E4A6505A1D86A9A100441D5F /* UIImage+Gif.m */ = {isa = PBXFileReference; fileEncoding = 4; lastKnownFileType = sourcecode.c.objc; path = "UIImage+Gif.m"; sourceTree = "<group>"; };
		E4A6505C1D86A9E100441D5F /* UIImage+Rotate.h */ = {isa = PBXFileReference; fileEncoding = 4; lastKnownFileType = sourcecode.c.h; path = "UIImage+Rotate.h"; sourceTree = "<group>"; };
		E4A6505D1D86A9E100441D5F /* UIImage+Rotate.m */ = {isa = PBXFileReference; fileEncoding = 4; lastKnownFileType = sourcecode.c.objc; path = "UIImage+Rotate.m"; sourceTree = "<group>"; };
		E4A6505F1D86AA3900441D5F /* UIImage+Convert.h */ = {isa = PBXFileReference; fileEncoding = 4; lastKnownFileType = sourcecode.c.h; path = "UIImage+Convert.h"; sourceTree = "<group>"; };
		E4A650601D86AA3900441D5F /* UIImage+Convert.m */ = {isa = PBXFileReference; fileEncoding = 4; lastKnownFileType = sourcecode.c.objc; path = "UIImage+Convert.m"; sourceTree = "<group>"; };
		E4A650621D86AAD700441D5F /* UIImage+CIImage.h */ = {isa = PBXFileReference; fileEncoding = 4; lastKnownFileType = sourcecode.c.h; path = "UIImage+CIImage.h"; sourceTree = "<group>"; };
		E4A650631D86AAD700441D5F /* UIImage+CIImage.m */ = {isa = PBXFileReference; fileEncoding = 4; lastKnownFileType = sourcecode.c.objc; path = "UIImage+CIImage.m"; sourceTree = "<group>"; };
		E4A650651D86AC3700441D5F /* UIButtonCategoriesHeader.h */ = {isa = PBXFileReference; lastKnownFileType = sourcecode.c.h; path = UIButtonCategoriesHeader.h; sourceTree = "<group>"; };
		E4A650671D87A36500441D5F /* UIApplication+ApplicationSize.h */ = {isa = PBXFileReference; fileEncoding = 4; lastKnownFileType = sourcecode.c.h; path = "UIApplication+ApplicationSize.h"; sourceTree = "<group>"; };
		E4A650681D87A36500441D5F /* UIApplication+ApplicationSize.m */ = {isa = PBXFileReference; fileEncoding = 4; lastKnownFileType = sourcecode.c.objc; path = "UIApplication+ApplicationSize.m"; sourceTree = "<group>"; };
		E4A6506D1D87A36500441D5F /* UIApplication+Permissions.h */ = {isa = PBXFileReference; fileEncoding = 4; lastKnownFileType = sourcecode.c.h; path = "UIApplication+Permissions.h"; sourceTree = "<group>"; };
		E4A6506E1D87A36500441D5F /* UIApplication+Permissions.m */ = {isa = PBXFileReference; fileEncoding = 4; lastKnownFileType = sourcecode.c.objc; path = "UIApplication+Permissions.m"; sourceTree = "<group>"; };
		E4BAF8A21D82B8F40044F446 /* SLQCategories.app */ = {isa = PBXFileReference; explicitFileType = wrapper.application; includeInIndex = 0; path = SLQCategories.app; sourceTree = BUILT_PRODUCTS_DIR; };
		E4BAF8A61D82B8F40044F446 /* main.m */ = {isa = PBXFileReference; lastKnownFileType = sourcecode.c.objc; path = main.m; sourceTree = "<group>"; };
		E4BAF8A81D82B8F40044F446 /* AppDelegate.h */ = {isa = PBXFileReference; lastKnownFileType = sourcecode.c.h; path = AppDelegate.h; sourceTree = "<group>"; };
		E4BAF8A91D82B8F40044F446 /* AppDelegate.m */ = {isa = PBXFileReference; lastKnownFileType = sourcecode.c.objc; path = AppDelegate.m; sourceTree = "<group>"; };
		E4BAF8AB1D82B8F40044F446 /* ViewController.h */ = {isa = PBXFileReference; lastKnownFileType = sourcecode.c.h; path = ViewController.h; sourceTree = "<group>"; };
		E4BAF8AC1D82B8F40044F446 /* ViewController.m */ = {isa = PBXFileReference; lastKnownFileType = sourcecode.c.objc; path = ViewController.m; sourceTree = "<group>"; };
		E4BAF8AF1D82B8F40044F446 /* Base */ = {isa = PBXFileReference; lastKnownFileType = file.storyboard; name = Base; path = Base.lproj/Main.storyboard; sourceTree = "<group>"; };
		E4BAF8B21D82B8F40044F446 /* SLQCategories.xcdatamodel */ = {isa = PBXFileReference; lastKnownFileType = wrapper.xcdatamodel; path = SLQCategories.xcdatamodel; sourceTree = "<group>"; };
		E4BAF8B41D82B8F40044F446 /* Assets.xcassets */ = {isa = PBXFileReference; lastKnownFileType = folder.assetcatalog; path = Assets.xcassets; sourceTree = "<group>"; };
		E4BAF8B71D82B8F40044F446 /* Base */ = {isa = PBXFileReference; lastKnownFileType = file.storyboard; name = Base; path = Base.lproj/LaunchScreen.storyboard; sourceTree = "<group>"; };
		E4BAF8B91D82B8F40044F446 /* Info.plist */ = {isa = PBXFileReference; lastKnownFileType = text.plist.xml; path = Info.plist; sourceTree = "<group>"; };
		E4E4C52A1D86478F00745AE1 /* UIImageCateogriesHeader.h */ = {isa = PBXFileReference; fileEncoding = 4; lastKnownFileType = sourcecode.c.h; path = UIImageCateogriesHeader.h; sourceTree = "<group>"; };
		E4E4C52F1D86488800745AE1 /* AllCategoriesHeader.h */ = {isa = PBXFileReference; fileEncoding = 4; lastKnownFileType = sourcecode.c.h; path = AllCategoriesHeader.h; sourceTree = "<group>"; };
/* End PBXFileReference section */

/* Begin PBXFrameworksBuildPhase section */
		E4BAF89F1D82B8F40044F446 /* Frameworks */ = {
			isa = PBXFrameworksBuildPhase;
			buildActionMask = 2147483647;
			files = (
			);
			runOnlyForDeploymentPostprocessing = 0;
		};
/* End PBXFrameworksBuildPhase section */

/* Begin PBXGroup section */
		E4221BEA1D8D64C000C11539 /* UIControl */ = {
			isa = PBXGroup;
			children = (
				E4221BED1D8D64C000C11539 /* UIControl+Block.h */,
				E4221BEE1D8D64C000C11539 /* UIControl+Block.m */,
			);
			path = UIControl;
			sourceTree = "<group>";
		};
		E4221BEF1D8D64C000C11539 /* UIDevice */ = {
			isa = PBXGroup;
			children = (
				E4221BF01D8D64C000C11539 /* UIDevice+Hardware.h */,
				E4221BF11D8D64C000C11539 /* UIDevice+Hardware.m */,
			);
			path = UIDevice;
			sourceTree = "<group>";
		};
		E42919201D9510C200B230B5 /* UITextField */ = {
			isa = PBXGroup;
			children = (
				E42919231D9510C200B230B5 /* UITextField+History.h */,
				E42919241D9510C200B230B5 /* UITextField+History.m */,
				E42919271D9510C200B230B5 /* UITextField+Shake.h */,
				E42919281D9510C200B230B5 /* UITextField+Shake.m */,
			);
			path = UITextField;
			sourceTree = "<group>";
		};
		E4719CCC1D9A03FE0035A45E /* UITextView */ = {
			isa = PBXGroup;
			children = (
				E4719CCF1D9A03FE0035A45E /* UITextView+PlaceHolder.h */,
				E4719CD01D9A03FE0035A45E /* UITextView+PlaceHolder.m */,
			);
			path = UITextView;
			sourceTree = "<group>";
		};
		E4719CD71D9A17800035A45E /* UIView */ = {
			isa = PBXGroup;
			children = (
				E4719D051D9B53A60035A45E /* UIView+Frame.h */,
				E4719D061D9B53A60035A45E /* UIView+Frame.m */,
				E4719CD81D9A17800035A45E /* UIView+Animation.h */,
				E4719CD91D9A17800035A45E /* UIView+Animation.m */,
				E4719CDA1D9A17800035A45E /* UIView+BlockGesture.h */,
				E4719CDB1D9A17800035A45E /* UIView+BlockGesture.m */,
				E4719CDE1D9A17800035A45E /* UIView+Debug.h */,
				E4719CDF1D9A17800035A45E /* UIView+Debug.m */,
				E4719CE01D9A17800035A45E /* UIView+draggable.h */,
				E4719CE11D9A17800035A45E /* UIView+draggable.m */,
				E4719CE61D9A17800035A45E /* UIView+Nib.h */,
				E4719CE71D9A17800035A45E /* UIView+Nib.m */,
				E4719CEA1D9A17800035A45E /* UIView+RecursiveDescription.h */,
				E4719CEB1D9A17800035A45E /* UIView+RecursiveDescription.m */,
				E4719CEC1D9A17800035A45E /* UIView+Screenshot.h */,
				E4719CED1D9A17800035A45E /* UIView+Screenshot.m */,
				E4719CEE1D9A17800035A45E /* UIView+Shake.h */,
				E4719CEF1D9A17800035A45E /* UIView+Shake.m */,
				E4719CF01D9A17800035A45E /* UIView+Toast.h */,
				E4719CF11D9A17800035A45E /* UIView+Toast.m */,
				E4719D081D9B64AE0035A45E /* UIView+CurrentController.h */,
				E4719D091D9B64AE0035A45E /* UIView+CurrentController.m */,
				E4719D0B1D9B65900035A45E /* UIViewCategoriesHeader.h */,
			);
			path = UIView;
			sourceTree = "<group>";
		};
		E4A12DCA1D891EA7009581AA /* UIAlertView */ = {
			isa = PBXGroup;
			children = (
				E4A12DCB1D891EA7009581AA /* UIAlertView+Block.h */,
				E4A12DCC1D891EA7009581AA /* UIAlertView+Block.m */,
			);
			path = UIAlertView;
			sourceTree = "<group>";
		};
		E4A12DCE1D8921D2009581AA /* UIBezierPath */ = {
			isa = PBXGroup;
			children = (
				E4A12DCF1D8921D2009581AA /* UIBezierPath+BasicShapes.h */,
				E4A12DD01D8921D2009581AA /* UIBezierPath+BasicShapes.m */,
				E4A12DD11D8921D2009581AA /* UIBezierPath+SVG.h */,
				E4A12DD21D8921D2009581AA /* UIBezierPath+SVG.m */,
				E4A12DD31D8921D2009581AA /* UIBezierPath+Symbol.h */,
				E4A12DD41D8921D2009581AA /* UIBezierPath+Symbol.m */,
			);
			path = UIBezierPath;
			sourceTree = "<group>";
		};
		E4A12DDD1D893A39009581AA /* UIColor */ = {
			isa = PBXGroup;
			children = (
				E4A12DED1D893AA6009581AA /* UIColorCategoriesHeader.h */,
				E4A12DDE1D893A39009581AA /* UIColor+Gradient.h */,
				E4A12DDF1D893A39009581AA /* UIColor+Gradient.m */,
				E4A12DE01D893A39009581AA /* UIColor+HEX.h */,
				E4A12DE11D893A39009581AA /* UIColor+HEX.m */,
				E4A12DE21D893A39009581AA /* UIColor+Modify.h */,
				E4A12DE31D893A39009581AA /* UIColor+Modify.m */,
				E4A12DE41D893A39009581AA /* UIColor+Random.h */,
				E4A12DE51D893A39009581AA /* UIColor+Random.m */,
			);
			path = UIColor;
			sourceTree = "<group>";
		};
		E4A650311D86928700441D5F /* UIButton */ = {
			isa = PBXGroup;
			children = (
				E4A650651D86AC3700441D5F /* UIButtonCategoriesHeader.h */,
				E4A650351D8693EC00441D5F /* UIButton+Font.h */,
				E4A650361D8693EC00441D5F /* UIButton+Font.m */,
				E4A650381D86941000441D5F /* UIButton+Block.h */,
				E4A650391D86941000441D5F /* UIButton+Block.m */,
				E4A6503B1D86A0F500441D5F /* UIButton+CountDown.h */,
				E4A6503C1D86A0F500441D5F /* UIButton+CountDown.m */,
				E4A6503E1D86A2F700441D5F /* UIButton+Indicator.h */,
				E4A6503F1D86A2F700441D5F /* UIButton+Indicator.m */,
			);
			path = UIButton;
			sourceTree = "<group>";
		};
		E4A650661D87A36500441D5F /* UIApplication */ = {
			isa = PBXGroup;
			children = (
				E4A650671D87A36500441D5F /* UIApplication+ApplicationSize.h */,
				E4A650681D87A36500441D5F /* UIApplication+ApplicationSize.m */,
				E4A6506D1D87A36500441D5F /* UIApplication+Permissions.h */,
				E4A6506E1D87A36500441D5F /* UIApplication+Permissions.m */,
			);
			path = UIApplication;
			sourceTree = "<group>";
		};
		E4BAF8991D82B8F40044F446 = {
			isa = PBXGroup;
			children = (
				E4BAF8A41D82B8F40044F446 /* SLQCategories */,
				E4BAF8A31D82B8F40044F446 /* Products */,
			);
			sourceTree = "<group>";
		};
		E4BAF8A31D82B8F40044F446 /* Products */ = {
			isa = PBXGroup;
			children = (
				E4BAF8A21D82B8F40044F446 /* SLQCategories.app */,
			);
			name = Products;
			sourceTree = "<group>";
		};
		E4BAF8A41D82B8F40044F446 /* SLQCategories */ = {
			isa = PBXGroup;
			children = (
				E4BAF8C41D82BF900044F446 /* Categories */,
				E4BAF8A81D82B8F40044F446 /* AppDelegate.h */,
				E4BAF8A91D82B8F40044F446 /* AppDelegate.m */,
				E4BAF8AB1D82B8F40044F446 /* ViewController.h */,
				E4BAF8AC1D82B8F40044F446 /* ViewController.m */,
				E4A12DDA1D892369009581AA /* GraphView.h */,
				E4A12DDB1D892369009581AA /* GraphView.m */,
				E4BAF8AE1D82B8F40044F446 /* Main.storyboard */,
				E4BAF8B41D82B8F40044F446 /* Assets.xcassets */,
				E4BAF8B61D82B8F40044F446 /* LaunchScreen.storyboard */,
				E4BAF8B91D82B8F40044F446 /* Info.plist */,
				E4BAF8B11D82B8F40044F446 /* SLQCategories.xcdatamodeld */,
				E4BAF8A51D82B8F40044F446 /* Supporting Files */,
			);
			path = SLQCategories;
			sourceTree = "<group>";
		};
		E4BAF8A51D82B8F40044F446 /* Supporting Files */ = {
			isa = PBXGroup;
			children = (
				E4BAF8A61D82B8F40044F446 /* main.m */,
			);
			name = "Supporting Files";
			sourceTree = "<group>";
		};
		E4BAF8C41D82BF900044F446 /* Categories */ = {
			isa = PBXGroup;
			children = (
				E4719CD71D9A17800035A45E /* UIView */,
				E4719CCC1D9A03FE0035A45E /* UITextView */,
				E42919201D9510C200B230B5 /* UITextField */,
				E4221BEA1D8D64C000C11539 /* UIControl */,
				E4221BEF1D8D64C000C11539 /* UIDevice */,
				E4A12DDD1D893A39009581AA /* UIColor */,
				E4A12DCE1D8921D2009581AA /* UIBezierPath */,
				E4A12DCA1D891EA7009581AA /* UIAlertView */,
				E4A650661D87A36500441D5F /* UIApplication */,
				E4A650311D86928700441D5F /* UIButton */,
				E4E4C5291D86478F00745AE1 /* UIImage */,
				E4E4C52F1D86488800745AE1 /* AllCategoriesHeader.h */,
			);
			path = Categories;
			sourceTree = "<group>";
		};
		E4E4C5291D86478F00745AE1 /* UIImage */ = {
			isa = PBXGroup;
			children = (
				E4E4C52A1D86478F00745AE1 /* UIImageCateogriesHeader.h */,
				E4A650411D86A70E00441D5F /* UIImage+fixOrientation.h */,
				E4A650421D86A70E00441D5F /* UIImage+fixOrientation.m */,
				E4A650441D86A76500441D5F /* UIImage+Color.h */,
				E4A650451D86A76500441D5F /* UIImage+Color.m */,
				E4A650471D86A7CC00441D5F /* UIImage+Blur.h */,
				E4A650481D86A7CC00441D5F /* UIImage+Blur.m */,
				E4A6504A1D86A83400441D5F /* UIImage+Alpha.h */,
				E4A6504B1D86A83400441D5F /* UIImage+Alpha.m */,
				E4A6504D1D86A85F00441D5F /* UIImage+Resize.h */,
				E4A6504E1D86A85F00441D5F /* UIImage+Resize.m */,
				E4A650501D86A8CA00441D5F /* UIImage+RoundImage.h */,
				E4A650511D86A8CA00441D5F /* UIImage+RoundImage.m */,
				E4A650531D86A8FB00441D5F /* UIImage+Capture.h */,
				E4A650541D86A8FB00441D5F /* UIImage+Capture.m */,
				E4A650561D86A95300441D5F /* UIImage+Water.h */,
				E4A650571D86A95300441D5F /* UIImage+Water.m */,
				E4A650591D86A9A100441D5F /* UIImage+Gif.h */,
				E4A6505A1D86A9A100441D5F /* UIImage+Gif.m */,
				E4A6505C1D86A9E100441D5F /* UIImage+Rotate.h */,
				E4A6505D1D86A9E100441D5F /* UIImage+Rotate.m */,
				E4A6505F1D86AA3900441D5F /* UIImage+Convert.h */,
				E4A650601D86AA3900441D5F /* UIImage+Convert.m */,
				E4A650621D86AAD700441D5F /* UIImage+CIImage.h */,
				E4A650631D86AAD700441D5F /* UIImage+CIImage.m */,
			);
			path = UIImage;
			sourceTree = "<group>";
		};
/* End PBXGroup section */

/* Begin PBXNativeTarget section */
		E4BAF8A11D82B8F40044F446 /* SLQCategories */ = {
			isa = PBXNativeTarget;
			buildConfigurationList = E4BAF8BC1D82B8F40044F446 /* Build configuration list for PBXNativeTarget "SLQCategories" */;
			buildPhases = (
				E4BAF89E1D82B8F40044F446 /* Sources */,
				E4BAF89F1D82B8F40044F446 /* Frameworks */,
				E4BAF8A01D82B8F40044F446 /* Resources */,
			);
			buildRules = (
			);
			dependencies = (
			);
			name = SLQCategories;
			productName = SLQCategories;
			productReference = E4BAF8A21D82B8F40044F446 /* SLQCategories.app */;
			productType = "com.apple.product-type.application";
		};
/* End PBXNativeTarget section */

/* Begin PBXProject section */
		E4BAF89A1D82B8F40044F446 /* Project object */ = {
			isa = PBXProject;
			attributes = {
				LastUpgradeCheck = 0730;
				ORGANIZATIONNAME = MrSong;
				TargetAttributes = {
					E4BAF8A11D82B8F40044F446 = {
						CreatedOnToolsVersion = 7.3;
						DevelopmentTeam = L76K5AFQYD;
						ProvisioningStyle = Automatic;
					};
				};
			};
			buildConfigurationList = E4BAF89D1D82B8F40044F446 /* Build configuration list for PBXProject "SLQCategories" */;
			compatibilityVersion = "Xcode 3.2";
			developmentRegion = English;
			hasScannedForEncodings = 0;
			knownRegions = (
				en,
				Base,
			);
			mainGroup = E4BAF8991D82B8F40044F446;
			productRefGroup = E4BAF8A31D82B8F40044F446 /* Products */;
			projectDirPath = "";
			projectRoot = "";
			targets = (
				E4BAF8A11D82B8F40044F446 /* SLQCategories */,
			);
		};
/* End PBXProject section */

/* Begin PBXResourcesBuildPhase section */
		E4BAF8A01D82B8F40044F446 /* Resources */ = {
			isa = PBXResourcesBuildPhase;
			buildActionMask = 2147483647;
			files = (
				E4BAF8B81D82B8F40044F446 /* LaunchScreen.storyboard in Resources */,
				E4BAF8B51D82B8F40044F446 /* Assets.xcassets in Resources */,
				E4BAF8B01D82B8F40044F446 /* Main.storyboard in Resources */,
			);
			runOnlyForDeploymentPostprocessing = 0;
		};
/* End PBXResourcesBuildPhase section */

/* Begin PBXSourcesBuildPhase section */
		E4BAF89E1D82B8F40044F446 /* Sources */ = {
			isa = PBXSourcesBuildPhase;
			buildActionMask = 2147483647;
			files = (
				E4A12DCD1D891EA7009581AA /* UIAlertView+Block.m in Sources */,
				E4A650641D86AAD700441D5F /* UIImage+CIImage.m in Sources */,
				E4719CFA1D9A17800035A45E /* UIView+draggable.m in Sources */,
				E4A6505B1D86A9A100441D5F /* UIImage+Gif.m in Sources */,
				E4A650431D86A70E00441D5F /* UIImage+fixOrientation.m in Sources */,
				E429192C1D9510C200B230B5 /* UITextField+Shake.m in Sources */,
				E4BAF8B31D82B8F40044F446 /* SLQCategories.xcdatamodeld in Sources */,
				E4BAF8AD1D82B8F40044F446 /* ViewController.m in Sources */,
				E4A650401D86A2F700441D5F /* UIButton+Indicator.m in Sources */,
				E4719D011D9A17800035A45E /* UIView+Shake.m in Sources */,
				E4A650581D86A95300441D5F /* UIImage+Water.m in Sources */,
				E4719D021D9A17800035A45E /* UIView+Toast.m in Sources */,
				E4A6503A1D86941000441D5F /* UIButton+Block.m in Sources */,
				E4719D001D9A17800035A45E /* UIView+Screenshot.m in Sources */,
				E4221BF61D8D64C000C11539 /* UIDevice+Hardware.m in Sources */,
				E4A650491D86A7CC00441D5F /* UIImage+Blur.m in Sources */,
				E4719D071D9B53A60035A45E /* UIView+Frame.m in Sources */,
				E4719CFF1D9A17800035A45E /* UIView+RecursiveDescription.m in Sources */,
				E4719D0A1D9B64AE0035A45E /* UIView+CurrentController.m in Sources */,
				E4BAF8AA1D82B8F40044F446 /* AppDelegate.m in Sources */,
				E4A12DE81D893A39009581AA /* UIColor+Gradient.m in Sources */,
				E4719CD41D9A03FE0035A45E /* UITextView+PlaceHolder.m in Sources */,
				E4A6505E1D86A9E100441D5F /* UIImage+Rotate.m in Sources */,
				E4719CF61D9A17800035A45E /* UIView+Animation.m in Sources */,
				E4221BF51D8D64C000C11539 /* UIControl+Block.m in Sources */,
				E4A650521D86A8CA00441D5F /* UIImage+RoundImage.m in Sources */,
				E4A6503D1D86A0F500441D5F /* UIButton+CountDown.m in Sources */,
				E4A650721D87A36500441D5F /* UIApplication+Permissions.m in Sources */,
				E4A650461D86A76500441D5F /* UIImage+Color.m in Sources */,
				E4A12DEB1D893A39009581AA /* UIColor+Random.m in Sources */,
				E4A12DEA1D893A39009581AA /* UIColor+Modify.m in Sources */,
				E4A650371D8693EC00441D5F /* UIButton+Font.m in Sources */,
				E4A12DD71D8921D2009581AA /* UIBezierPath+Symbol.m in Sources */,
				E4A650551D86A8FB00441D5F /* UIImage+Capture.m in Sources */,
				E4719CF91D9A17800035A45E /* UIView+Debug.m in Sources */,
				E4A12DD51D8921D2009581AA /* UIBezierPath+BasicShapes.m in Sources */,
				E4A12DE91D893A39009581AA /* UIColor+HEX.m in Sources */,
				E4BAF8A71D82B8F40044F446 /* main.m in Sources */,
				E4A12DDC1D892369009581AA /* GraphView.m in Sources */,
				E4719CFD1D9A17800035A45E /* UIView+Nib.m in Sources */,
				E4A650611D86AA3900441D5F /* UIImage+Convert.m in Sources */,
				E4719CF71D9A17800035A45E /* UIView+BlockGesture.m in Sources */,
				E4A6506F1D87A36500441D5F /* UIApplication+ApplicationSize.m in Sources */,
				E4A6504C1D86A83400441D5F /* UIImage+Alpha.m in Sources */,
				E4A6504F1D86A85F00441D5F /* UIImage+Resize.m in Sources */,
				E429192A1D9510C200B230B5 /* UITextField+History.m in Sources */,
				E4A12DD61D8921D2009581AA /* UIBezierPath+SVG.m in Sources */,
			);
			runOnlyForDeploymentPostprocessing = 0;
		};
/* End PBXSourcesBuildPhase section */

/* Begin PBXVariantGroup section */
		E4BAF8AE1D82B8F40044F446 /* Main.storyboard */ = {
			isa = PBXVariantGroup;
			children = (
				E4BAF8AF1D82B8F40044F446 /* Base */,
			);
			name = Main.storyboard;
			sourceTree = "<group>";
		};
		E4BAF8B61D82B8F40044F446 /* LaunchScreen.storyboard */ = {
			isa = PBXVariantGroup;
			children = (
				E4BAF8B71D82B8F40044F446 /* Base */,
			);
			name = LaunchScreen.storyboard;
			sourceTree = "<group>";
		};
/* End PBXVariantGroup section */

/* Begin XCBuildConfiguration section */
		E4BAF8BA1D82B8F40044F446 /* Debug */ = {
			isa = XCBuildConfiguration;
			buildSettings = {
				ALWAYS_SEARCH_USER_PATHS = NO;
				CLANG_ANALYZER_NONNULL = YES;
				CLANG_CXX_LANGUAGE_STANDARD = "gnu++0x";
				CLANG_CXX_LIBRARY = "libc++";
				CLANG_ENABLE_MODULES = YES;
				CLANG_ENABLE_OBJC_ARC = YES;
				CLANG_WARN_BOOL_CONVERSION = YES;
				CLANG_WARN_CONSTANT_CONVERSION = YES;
				CLANG_WARN_DIRECT_OBJC_ISA_USAGE = YES_ERROR;
				CLANG_WARN_EMPTY_BODY = YES;
				CLANG_WARN_ENUM_CONVERSION = YES;
				CLANG_WARN_INT_CONVERSION = YES;
				CLANG_WARN_OBJC_ROOT_CLASS = YES_ERROR;
				CLANG_WARN_UNREACHABLE_CODE = YES;
				CLANG_WARN__DUPLICATE_METHOD_MATCH = YES;
				"CODE_SIGN_IDENTITY[sdk=iphoneos*]" = "iPhone Developer";
				COPY_PHASE_STRIP = NO;
				DEBUG_INFORMATION_FORMAT = dwarf;
				ENABLE_STRICT_OBJC_MSGSEND = YES;
				ENABLE_TESTABILITY = YES;
				GCC_C_LANGUAGE_STANDARD = gnu99;
				GCC_DYNAMIC_NO_PIC = NO;
				GCC_NO_COMMON_BLOCKS = YES;
				GCC_OPTIMIZATION_LEVEL = 0;
				GCC_PREPROCESSOR_DEFINITIONS = (
					"DEBUG=1",
					"$(inherited)",
				);
				GCC_WARN_64_TO_32_BIT_CONVERSION = YES;
				GCC_WARN_ABOUT_RETURN_TYPE = YES_ERROR;
				GCC_WARN_UNDECLARED_SELECTOR = YES;
				GCC_WARN_UNINITIALIZED_AUTOS = YES_AGGRESSIVE;
				GCC_WARN_UNUSED_FUNCTION = YES;
				GCC_WARN_UNUSED_VARIABLE = YES;
				IPHONEOS_DEPLOYMENT_TARGET = 9.3;
				MTL_ENABLE_DEBUG_INFO = YES;
				ONLY_ACTIVE_ARCH = YES;
				SDKROOT = iphoneos;
			};
			name = Debug;
		};
		E4BAF8BB1D82B8F40044F446 /* Release */ = {
			isa = XCBuildConfiguration;
			buildSettings = {
				ALWAYS_SEARCH_USER_PATHS = NO;
				CLANG_ANALYZER_NONNULL = YES;
				CLANG_CXX_LANGUAGE_STANDARD = "gnu++0x";
				CLANG_CXX_LIBRARY = "libc++";
				CLANG_ENABLE_MODULES = YES;
				CLANG_ENABLE_OBJC_ARC = YES;
				CLANG_WARN_BOOL_CONVERSION = YES;
				CLANG_WARN_CONSTANT_CONVERSION = YES;
				CLANG_WARN_DIRECT_OBJC_ISA_USAGE = YES_ERROR;
				CLANG_WARN_EMPTY_BODY = YES;
				CLANG_WARN_ENUM_CONVERSION = YES;
				CLANG_WARN_INT_CONVERSION = YES;
				CLANG_WARN_OBJC_ROOT_CLASS = YES_ERROR;
				CLANG_WARN_UNREACHABLE_CODE = YES;
				CLANG_WARN__DUPLICATE_METHOD_MATCH = YES;
				"CODE_SIGN_IDENTITY[sdk=iphoneos*]" = "iPhone Developer";
				COPY_PHASE_STRIP = NO;
				DEBUG_INFORMATION_FORMAT = "dwarf-with-dsym";
				ENABLE_NS_ASSERTIONS = NO;
				ENABLE_STRICT_OBJC_MSGSEND = YES;
				GCC_C_LANGUAGE_STANDARD = gnu99;
				GCC_NO_COMMON_BLOCKS = YES;
				GCC_WARN_64_TO_32_BIT_CONVERSION = YES;
				GCC_WARN_ABOUT_RETURN_TYPE = YES_ERROR;
				GCC_WARN_UNDECLARED_SELECTOR = YES;
				GCC_WARN_UNINITIALIZED_AUTOS = YES_AGGRESSIVE;
				GCC_WARN_UNUSED_FUNCTION = YES;
				GCC_WARN_UNUSED_VARIABLE = YES;
				IPHONEOS_DEPLOYMENT_TARGET = 9.3;
				MTL_ENABLE_DEBUG_INFO = NO;
				SDKROOT = iphoneos;
				VALIDATE_PRODUCT = YES;
			};
			name = Release;
		};
		E4BAF8BD1D82B8F40044F446 /* Debug */ = {
			isa = XCBuildConfiguration;
			buildSettings = {
				ASSETCATALOG_COMPILER_APPICON_NAME = AppIcon;
				"CODE_SIGN_IDENTITY[sdk=iphoneos*]" = "iPhone Developer";
				DEVELOPMENT_TEAM = L76K5AFQYD;
				INFOPLIST_FILE = SLQCategories/Info.plist;
				LD_RUNPATH_SEARCH_PATHS = "$(inherited) @executable_path/Frameworks";
				PRODUCT_BUNDLE_IDENTIFIER = io.songliquan.github.SLQCategories;
				PRODUCT_NAME = "$(TARGET_NAME)";
			};
			name = Debug;
		};
		E4BAF8BE1D82B8F40044F446 /* Release */ = {
			isa = XCBuildConfiguration;
			buildSettings = {
				ASSETCATALOG_COMPILER_APPICON_NAME = AppIcon;
				"CODE_SIGN_IDENTITY[sdk=iphoneos*]" = "iPhone Developer";
				DEVELOPMENT_TEAM = L76K5AFQYD;
				INFOPLIST_FILE = SLQCategories/Info.plist;
				LD_RUNPATH_SEARCH_PATHS = "$(inherited) @executable_path/Frameworks";
				PRODUCT_BUNDLE_IDENTIFIER = io.songliquan.github.SLQCategories;
				PRODUCT_NAME = "$(TARGET_NAME)";
			};
			name = Release;
		};
/* End XCBuildConfiguration section */

/* Begin XCConfigurationList section */
		E4BAF89D1D82B8F40044F446 /* Build configuration list for PBXProject "SLQCategories" */ = {
			isa = XCConfigurationList;
			buildConfigurations = (
				E4BAF8BA1D82B8F40044F446 /* Debug */,
				E4BAF8BB1D82B8F40044F446 /* Release */,
			);
			defaultConfigurationIsVisible = 0;
			defaultConfigurationName = Release;
		};
		E4BAF8BC1D82B8F40044F446 /* Build configuration list for PBXNativeTarget "SLQCategories" */ = {
			isa = XCConfigurationList;
			buildConfigurations = (
				E4BAF8BD1D82B8F40044F446 /* Debug */,
				E4BAF8BE1D82B8F40044F446 /* Release */,
			);
			defaultConfigurationIsVisible = 0;
			defaultConfigurationName = Release;
		};
/* End XCConfigurationList section */

/* Begin XCVersionGroup section */
		E4BAF8B11D82B8F40044F446 /* SLQCategories.xcdatamodeld */ = {
			isa = XCVersionGroup;
			children = (
				E4BAF8B21D82B8F40044F446 /* SLQCategories.xcdatamodel */,
			);
			currentVersion = E4BAF8B21D82B8F40044F446 /* SLQCategories.xcdatamodel */;
			path = SLQCategories.xcdatamodeld;
			sourceTree = "<group>";
			versionGroupType = wrapper.xcdatamodel;
		};
/* End XCVersionGroup section */
	};
	rootObject = E4BAF89A1D82B8F40044F446 /* Project object */;
}
