// !$*UTF8*$!
{
	archiveVersion = 1;
	classes = {
	};
	objectVersion = 46;
	objects = {

/* Begin PBXBuildFile section */
		E4BAF8A71D82B8F40044F446 /* main.m in Sources */ = {isa = PBXBuildFile; fileRef = E4BAF8A61D82B8F40044F446 /* main.m */; };
		E4BAF8AA1D82B8F40044F446 /* AppDelegate.m in Sources */ = {isa = PBXBuildFile; fileRef = E4BAF8A91D82B8F40044F446 /* AppDelegate.m */; };
		E4BAF8AD1D82B8F40044F446 /* ViewController.m in Sources */ = {isa = PBXBuildFile; fileRef = E4BAF8AC1D82B8F40044F446 /* ViewController.m */; };
		E4BAF8B01D82B8F40044F446 /* Main.storyboard in Resources */ = {isa = PBXBuildFile; fileRef = E4BAF8AE1D82B8F40044F446 /* Main.storyboard */; };
		E4BAF8B31D82B8F40044F446 /* SLQCategories.xcdatamodeld in Sources */ = {isa = PBXBuildFile; fileRef = E4BAF8B11D82B8F40044F446 /* SLQCategories.xcdatamodeld */; };
		E4BAF8B51D82B8F40044F446 /* Assets.xcassets in Resources */ = {isa = PBXBuildFile; fileRef = E4BAF8B41D82B8F40044F446 /* Assets.xcassets */; };
		E4BAF8B81D82B8F40044F446 /* LaunchScreen.storyboard in Resources */ = {isa = PBXBuildFile; fileRef = E4BAF8B61D82B8F40044F446 /* LaunchScreen.storyboard */; };
		E4BAF8C31D82BA5C0044F446 /* UIImage+Cateogries.m in Sources */ = {isa = PBXBuildFile; fileRef = E4BAF8C21D82BA5C0044F446 /* UIImage+Cateogries.m */; };
/* End PBXBuildFile section */

/* Begin PBXFileReference section */
		E4BAF8A21D82B8F40044F446 /* SLQCategories.app */ = {isa = PBXFileReference; explicitFileType = wrapper.application; includeInIndex = 0; path = SLQCategories.app; sourceTree = BUILT_PRODUCTS_DIR; };
		E4BAF8A61D82B8F40044F446 /* main.m */ = {isa = PBXFileReference; lastKnownFileType = sourcecode.c.objc; path = main.m; sourceTree = "<group>"; };
		E4BAF8A81D82B8F40044F446 /* AppDelegate.h */ = {isa = PBXFileReference; lastKnownFileType = sourcecode.c.h; path = AppDelegate.h; sourceTree = "<group>"; };
		E4BAF8A91D82B8F40044F446 /* AppDelegate.m */ = {isa = PBXFileReference; lastKnownFileType = sourcecode.c.objc; path = AppDelegate.m; sourceTree = "<group>"; };
		E4BAF8AB1D82B8F40044F446 /* ViewController.h */ = {isa = PBXFileReference; lastKnownFileType = sourcecode.c.h; path = ViewController.h; sourceTree = "<group>"; };
		E4BAF8AC1D82B8F40044F446 /* ViewController.m */ = {isa = PBXFileReference; lastKnownFileType = sourcecode.c.objc; path = ViewController.m; sourceTree = "<group>"; };
		E4BAF8AF1D82B8F40044F446 /* Base */ = {isa = PBXFileReference; lastKnownFileType = file.storyboard; name = Base; path = Base.lproj/Main.storyboard; sourceTree = "<group>"; };
		E4BAF8B21D82B8F40044F446 /* SLQCategories.xcdatamodel */ = {isa = PBXFileReference; lastKnownFileType = wrapper.xcdatamodel; path = SLQCategories.xcdatamodel; sourceTree = "<group>"; };
		E4BAF8B41D82B8F40044F446 /* Assets.xcassets */ = {isa = PBXFileReference; lastKnownFileType = folder.assetcatalog; path = Assets.xcassets; sourceTree = "<group>"; };
		E4BAF8B71D82B8F40044F446 /* Base */ = {isa = PBXFileReference; lastKnownFileType = file.storyboard; name = Base; path = Base.lproj/LaunchScreen.storyboard; sourceTree = "<group>"; };
		E4BAF8B91D82B8F40044F446 /* Info.plist */ = {isa = PBXFileReference; lastKnownFileType = text.plist.xml; path = Info.plist; sourceTree = "<group>"; };
		E4BAF8C11D82BA5C0044F446 /* UIImage+Cateogries.h */ = {isa = PBXFileReference; fileEncoding = 4; lastKnownFileType = sourcecode.c.h; path = "UIImage+Cateogries.h"; sourceTree = "<group>"; };
		E4BAF8C21D82BA5C0044F446 /* UIImage+Cateogries.m */ = {isa = PBXFileReference; fileEncoding = 4; lastKnownFileType = sourcecode.c.objc; path = "UIImage+Cateogries.m"; sourceTree = "<group>"; };
/* End PBXFileReference section */

/* Begin PBXFrameworksBuildPhase section */
		E4BAF89F1D82B8F40044F446 /* Frameworks */ = {
			isa = PBXFrameworksBuildPhase;
			buildActionMask = 2147483647;
			files = (
			);
			runOnlyForDeploymentPostprocessing = 0;
		};
/* End PBXFrameworksBuildPhase section */

/* Begin PBXGroup section */
		E4BAF8991D82B8F40044F446 = {
			isa = PBXGroup;
			children = (
				E4BAF8A41D82B8F40044F446 /* SLQCategories */,
				E4BAF8A31D82B8F40044F446 /* Products */,
			);
			sourceTree = "<group>";
		};
		E4BAF8A31D82B8F40044F446 /* Products */ = {
			isa = PBXGroup;
			children = (
				E4BAF8A21D82B8F40044F446 /* SLQCategories.app */,
			);
			name = Products;
			sourceTree = "<group>";
		};
		E4BAF8A41D82B8F40044F446 /* SLQCategories */ = {
			isa = PBXGroup;
			children = (
				E4BAF8BF1D82BA5C0044F446 /* Categories */,
				E4BAF8A81D82B8F40044F446 /* AppDelegate.h */,
				E4BAF8A91D82B8F40044F446 /* AppDelegate.m */,
				E4BAF8AB1D82B8F40044F446 /* ViewController.h */,
				E4BAF8AC1D82B8F40044F446 /* ViewController.m */,
				E4BAF8AE1D82B8F40044F446 /* Main.storyboard */,
				E4BAF8B41D82B8F40044F446 /* Assets.xcassets */,
				E4BAF8B61D82B8F40044F446 /* LaunchScreen.storyboard */,
				E4BAF8B91D82B8F40044F446 /* Info.plist */,
				E4BAF8B11D82B8F40044F446 /* SLQCategories.xcdatamodeld */,
				E4BAF8A51D82B8F40044F446 /* Supporting Files */,
			);
			path = SLQCategories;
			sourceTree = "<group>";
		};
		E4BAF8A51D82B8F40044F446 /* Supporting Files */ = {
			isa = PBXGroup;
			children = (
				E4BAF8A61D82B8F40044F446 /* main.m */,
			);
			name = "Supporting Files";
			sourceTree = "<group>";
		};
		E4BAF8BF1D82BA5C0044F446 /* Categories */ = {
			isa = PBXGroup;
			children = (
				E4BAF8C01D82BA5C0044F446 /* UImage */,
			);
			path = Categories;
			sourceTree = "<group>";
		};
		E4BAF8C01D82BA5C0044F446 /* UImage */ = {
			isa = PBXGroup;
			children = (
				E4BAF8C11D82BA5C0044F446 /* UIImage+Cateogries.h */,
				E4BAF8C21D82BA5C0044F446 /* UIImage+Cateogries.m */,
			);
			path = UImage;
			sourceTree = "<group>";
		};
/* End PBXGroup section */

/* Begin PBXNativeTarget section */
		E4BAF8A11D82B8F40044F446 /* SLQCategories */ = {
			isa = PBXNativeTarget;
			buildConfigurationList = E4BAF8BC1D82B8F40044F446 /* Build configuration list for PBXNativeTarget "SLQCategories" */;
			buildPhases = (
				E4BAF89E1D82B8F40044F446 /* Sources */,
				E4BAF89F1D82B8F40044F446 /* Frameworks */,
				E4BAF8A01D82B8F40044F446 /* Resources */,
			);
			buildRules = (
			);
			dependencies = (
			);
			name = SLQCategories;
			productName = SLQCategories;
			productReference = E4BAF8A21D82B8F40044F446 /* SLQCategories.app */;
			productType = "com.apple.product-type.application";
		};
/* End PBXNativeTarget section */

/* Begin PBXProject section */
		E4BAF89A1D82B8F40044F446 /* Project object */ = {
			isa = PBXProject;
			attributes = {
				LastUpgradeCheck = 0730;
				ORGANIZATIONNAME = MrSong;
				TargetAttributes = {
					E4BAF8A11D82B8F40044F446 = {
						CreatedOnToolsVersion = 7.3;
					};
				};
			};
			buildConfigurationList = E4BAF89D1D82B8F40044F446 /* Build configuration list for PBXProject "SLQCategories" */;
			compatibilityVersion = "Xcode 3.2";
			developmentRegion = English;
			hasScannedForEncodings = 0;
			knownRegions = (
				en,
				Base,
			);
			mainGroup = E4BAF8991D82B8F40044F446;
			productRefGroup = E4BAF8A31D82B8F40044F446 /* Products */;
			projectDirPath = "";
			projectRoot = "";
			targets = (
				E4BAF8A11D82B8F40044F446 /* SLQCategories */,
			);
		};
/* End PBXProject section */

/* Begin PBXResourcesBuildPhase section */
		E4BAF8A01D82B8F40044F446 /* Resources */ = {
			isa = PBXResourcesBuildPhase;
			buildActionMask = 2147483647;
			files = (
				E4BAF8B81D82B8F40044F446 /* LaunchScreen.storyboard in Resources */,
				E4BAF8B51D82B8F40044F446 /* Assets.xcassets in Resources */,
				E4BAF8B01D82B8F40044F446 /* Main.storyboard in Resources */,
			);
			runOnlyForDeploymentPostprocessing = 0;
		};
/* End PBXResourcesBuildPhase section */

/* Begin PBXSourcesBuildPhase section */
		E4BAF89E1D82B8F40044F446 /* Sources */ = {
			isa = PBXSourcesBuildPhase;
			buildActionMask = 2147483647;
			files = (
				E4BAF8B31D82B8F40044F446 /* SLQCategories.xcdatamodeld in Sources */,
				E4BAF8AD1D82B8F40044F446 /* ViewController.m in Sources */,
				E4BAF8C31D82BA5C0044F446 /* UIImage+Cateogries.m in Sources */,
				E4BAF8AA1D82B8F40044F446 /* AppDelegate.m in Sources */,
				E4BAF8A71D82B8F40044F446 /* main.m in Sources */,
			);
			runOnlyForDeploymentPostprocessing = 0;
		};
/* End PBXSourcesBuildPhase section */

/* Begin PBXVariantGroup section */
		E4BAF8AE1D82B8F40044F446 /* Main.storyboard */ = {
			isa = PBXVariantGroup;
			children = (
				E4BAF8AF1D82B8F40044F446 /* Base */,
			);
			name = Main.storyboard;
			sourceTree = "<group>";
		};
		E4BAF8B61D82B8F40044F446 /* LaunchScreen.storyboard */ = {
			isa = PBXVariantGroup;
			children = (
				E4BAF8B71D82B8F40044F446 /* Base */,
			);
			name = LaunchScreen.storyboard;
			sourceTree = "<group>";
		};
/* End PBXVariantGroup section */

/* Begin XCBuildConfiguration section */
		E4BAF8BA1D82B8F40044F446 /* Debug */ = {
			isa = XCBuildConfiguration;
			buildSettings = {
				ALWAYS_SEARCH_USER_PATHS = NO;
				CLANG_ANALYZER_NONNULL = YES;
				CLANG_CXX_LANGUAGE_STANDARD = "gnu++0x";
				CLANG_CXX_LIBRARY = "libc++";
				CLANG_ENABLE_MODULES = YES;
				CLANG_ENABLE_OBJC_ARC = YES;
				CLANG_WARN_BOOL_CONVERSION = YES;
				CLANG_WARN_CONSTANT_CONVERSION = YES;
				CLANG_WARN_DIRECT_OBJC_ISA_USAGE = YES_ERROR;
				CLANG_WARN_EMPTY_BODY = YES;
				CLANG_WARN_ENUM_CONVERSION = YES;
				CLANG_WARN_INT_CONVERSION = YES;
				CLANG_WARN_OBJC_ROOT_CLASS = YES_ERROR;
				CLANG_WARN_UNREACHABLE_CODE = YES;
				CLANG_WARN__DUPLICATE_METHOD_MATCH = YES;
				"CODE_SIGN_IDENTITY[sdk=iphoneos*]" = "iPhone Developer";
				COPY_PHASE_STRIP = NO;
				DEBUG_INFORMATION_FORMAT = dwarf;
				ENABLE_STRICT_OBJC_MSGSEND = YES;
				ENABLE_TESTABILITY = YES;
				GCC_C_LANGUAGE_STANDARD = gnu99;
				GCC_DYNAMIC_NO_PIC = NO;
				GCC_NO_COMMON_BLOCKS = YES;
				GCC_OPTIMIZATION_LEVEL = 0;
				GCC_PREPROCESSOR_DEFINITIONS = (
					"DEBUG=1",
					"$(inherited)",
				);
				GCC_WARN_64_TO_32_BIT_CONVERSION = YES;
				GCC_WARN_ABOUT_RETURN_TYPE = YES_ERROR;
				GCC_WARN_UNDECLARED_SELECTOR = YES;
				GCC_WARN_UNINITIALIZED_AUTOS = YES_AGGRESSIVE;
				GCC_WARN_UNUSED_FUNCTION = YES;
				GCC_WARN_UNUSED_VARIABLE = YES;
				IPHONEOS_DEPLOYMENT_TARGET = 9.3;
				MTL_ENABLE_DEBUG_INFO = YES;
				ONLY_ACTIVE_ARCH = YES;
				SDKROOT = iphoneos;
			};
			name = Debug;
		};
		E4BAF8BB1D82B8F40044F446 /* Release */ = {
			isa = XCBuildConfiguration;
			buildSettings = {
				ALWAYS_SEARCH_USER_PATHS = NO;
				CLANG_ANALYZER_NONNULL = YES;
				CLANG_CXX_LANGUAGE_STANDARD = "gnu++0x";
				CLANG_CXX_LIBRARY = "libc++";
				CLANG_ENABLE_MODULES = YES;
				CLANG_ENABLE_OBJC_ARC = YES;
				CLANG_WARN_BOOL_CONVERSION = YES;
				CLANG_WARN_CONSTANT_CONVERSION = YES;
				CLANG_WARN_DIRECT_OBJC_ISA_USAGE = YES_ERROR;
				CLANG_WARN_EMPTY_BODY = YES;
				CLANG_WARN_ENUM_CONVERSION = YES;
				CLANG_WARN_INT_CONVERSION = YES;
				CLANG_WARN_OBJC_ROOT_CLASS = YES_ERROR;
				CLANG_WARN_UNREACHABLE_CODE = YES;
				CLANG_WARN__DUPLICATE_METHOD_MATCH = YES;
				"CODE_SIGN_IDENTITY[sdk=iphoneos*]" = "iPhone Developer";
				COPY_PHASE_STRIP = NO;
				DEBUG_INFORMATION_FORMAT = "dwarf-with-dsym";
				ENABLE_NS_ASSERTIONS = NO;
				ENABLE_STRICT_OBJC_MSGSEND = YES;
				GCC_C_LANGUAGE_STANDARD = gnu99;
				GCC_NO_COMMON_BLOCKS = YES;
				GCC_WARN_64_TO_32_BIT_CONVERSION = YES;
				GCC_WARN_ABOUT_RETURN_TYPE = YES_ERROR;
				GCC_WARN_UNDECLARED_SELECTOR = YES;
				GCC_WARN_UNINITIALIZED_AUTOS = YES_AGGRESSIVE;
				GCC_WARN_UNUSED_FUNCTION = YES;
				GCC_WARN_UNUSED_VARIABLE = YES;
				IPHONEOS_DEPLOYMENT_TARGET = 9.3;
				MTL_ENABLE_DEBUG_INFO = NO;
				SDKROOT = iphoneos;
				VALIDATE_PRODUCT = YES;
			};
			name = Release;
		};
		E4BAF8BD1D82B8F40044F446 /* Debug */ = {
			isa = XCBuildConfiguration;
			buildSettings = {
				ASSETCATALOG_COMPILER_APPICON_NAME = AppIcon;
				INFOPLIST_FILE = SLQCategories/Info.plist;
				LD_RUNPATH_SEARCH_PATHS = "$(inherited) @executable_path/Frameworks";
				PRODUCT_BUNDLE_IDENTIFIER = io.songliquan.github.SLQCategories;
				PRODUCT_NAME = "$(TARGET_NAME)";
			};
			name = Debug;
		};
		E4BAF8BE1D82B8F40044F446 /* Release */ = {
			isa = XCBuildConfiguration;
			buildSettings = {
				ASSETCATALOG_COMPILER_APPICON_NAME = AppIcon;
				INFOPLIST_FILE = SLQCategories/Info.plist;
				LD_RUNPATH_SEARCH_PATHS = "$(inherited) @executable_path/Frameworks";
				PRODUCT_BUNDLE_IDENTIFIER = io.songliquan.github.SLQCategories;
				PRODUCT_NAME = "$(TARGET_NAME)";
			};
			name = Release;
		};
/* End XCBuildConfiguration section */

/* Begin XCConfigurationList section */
		E4BAF89D1D82B8F40044F446 /* Build configuration list for PBXProject "SLQCategories" */ = {
			isa = XCConfigurationList;
			buildConfigurations = (
				E4BAF8BA1D82B8F40044F446 /* Debug */,
				E4BAF8BB1D82B8F40044F446 /* Release */,
			);
			defaultConfigurationIsVisible = 0;
			defaultConfigurationName = Release;
		};
		E4BAF8BC1D82B8F40044F446 /* Build configuration list for PBXNativeTarget "SLQCategories" */ = {
			isa = XCConfigurationList;
			buildConfigurations = (
				E4BAF8BD1D82B8F40044F446 /* Debug */,
				E4BAF8BE1D82B8F40044F446 /* Release */,
			);
			defaultConfigurationIsVisible = 0;
			defaultConfigurationName = Release;
		};
/* End XCConfigurationList section */

/* Begin XCVersionGroup section */
		E4BAF8B11D82B8F40044F446 /* SLQCategories.xcdatamodeld */ = {
			isa = XCVersionGroup;
			children = (
				E4BAF8B21D82B8F40044F446 /* SLQCategories.xcdatamodel */,
			);
			currentVersion = E4BAF8B21D82B8F40044F446 /* SLQCategories.xcdatamodel */;
			path = SLQCategories.xcdatamodeld;
			sourceTree = "<group>";
			versionGroupType = wrapper.xcdatamodel;
		};
/* End XCVersionGroup section */
	};
	rootObject = E4BAF89A1D82B8F40044F446 /* Project object */;
}
